
Microsoft Visual Studio Solution File, Format Version 12.00
# Visual Studio Version 17
VisualStudioVersion = 17.2.32630.192
MinimumVisualStudioVersion = 10.0.40219.1
Project("{FAE04EC0-301F-11D3-BF4B-00C04F79EFBC}") = "RomanToIn", "LeetCodeSolutions\RomanToIn.csproj", "{8978A351-9FD0-4CFF-AE6F-B062539EEE39}"
EndProject
Project("{FAE04EC0-301F-11D3-BF4B-00C04F79EFBC}") = "LongestCommonPrefix", "LongestCommonPrefix\LongestCommonPrefix.csproj", "{8103EB1F-FFEF-4D9E-A807-A7B339D9F8DB}"
EndProject
Global
	GlobalSection(SolutionConfigurationPlatforms) = preSolution
		Debug|Any CPU = Debug|Any CPU
		Release|Any CPU = Release|Any CPU
	EndGlobalSection
	GlobalSection(ProjectConfigurationPlatforms) = postSolution
		{8978A351-9FD0-4CFF-AE6F-B062539EEE39}.Debug|Any CPU.ActiveCfg = Debug|Any CPU
		{8978A351-9FD0-4CFF-AE6F-B062539EEE39}.Debug|Any CPU.Build.0 = Debug|Any CPU
		{8978A351-9FD0-4CFF-AE6F-B062539EEE39}.Release|Any CPU.ActiveCfg = Release|Any CPU
		{8978A351-9FD0-4CFF-AE6F-B062539EEE39}.Release|Any CPU.Build.0 = Release|Any CPU
		{8103EB1F-FFEF-4D9E-A807-A7B339D9F8DB}.Debug|Any CPU.ActiveCfg = Debug|Any CPU
		{8103EB1F-FFEF-4D9E-A807-A7B339D9F8DB}.Debug|Any CPU.Build.0 = Debug|Any CPU
		{8103EB1F-FFEF-4D9E-A807-A7B339D9F8DB}.Release|Any CPU.ActiveCfg = Release|Any CPU
		{8103EB1F-FFEF-4D9E-A807-A7B339D9F8DB}.Release|Any CPU.Build.0 = Release|Any CPU
	EndGlobalSection
	GlobalSection(SolutionProperties) = preSolution
		HideSolutionNode = FALSE
	EndGlobalSection
	GlobalSection(ExtensibilityGlobals) = postSolution
		SolutionGuid = {F78BB62C-54F2-4A1C-971C-507556DB7F46}
	EndGlobalSection
EndGlobal
